
Microsoft Visual Studio Solution File, Format Version 12.00
# Visual Studio Version 16
VisualStudioVersion = 16.0.32630.194
MinimumVisualStudioVersion = 10.0.40219.1
Project("{FAE04EC0-301F-11D3-BF4B-00C04F79EFBC}") = "EntityLayer", "EntityLayer\EntityLayer.csproj", "{6510A839-64A8-4800-A86B-4B2FCCB13E15}"
EndProject
Project("{FAE04EC0-301F-11D3-BF4B-00C04F79EFBC}") = "DataAccessLayer", "DataAccessLayer\DataAccessLayer.csproj", "{7599CB42-78CC-40FA-9889-41AB2B8D1189}"
EndProject
Project("{FAE04EC0-301F-11D3-BF4B-00C04F79EFBC}") = "BusinessLayer", "BusinessLayer\BusinessLayer.csproj", "{C8CA1D67-79BB-41C7-8B6A-B3BCE514DAD3}"
EndProject
Project("{FAE04EC0-301F-11D3-BF4B-00C04F79EFBC}") = "E-Shop", "E-Shop\E-Shop.csproj", "{4B9DECF5-7499-40FC-B694-67B857319692}"
EndProject
Global
	GlobalSection(SolutionConfigurationPlatforms) = preSolution
		Debug|Any CPU = Debug|Any CPU
		Release|Any CPU = Release|Any CPU
	EndGlobalSection
	GlobalSection(ProjectConfigurationPlatforms) = postSolution
		{6510A839-64A8-4800-A86B-4B2FCCB13E15}.Debug|Any CPU.ActiveCfg = Debug|Any CPU
		{6510A839-64A8-4800-A86B-4B2FCCB13E15}.Debug|Any CPU.Build.0 = Debug|Any CPU
		{6510A839-64A8-4800-A86B-4B2FCCB13E15}.Release|Any CPU.ActiveCfg = Release|Any CPU
		{6510A839-64A8-4800-A86B-4B2FCCB13E15}.Release|Any CPU.Build.0 = Release|Any CPU
		{7599CB42-78CC-40FA-9889-41AB2B8D1189}.Debug|Any CPU.ActiveCfg = Debug|Any CPU
		{7599CB42-78CC-40FA-9889-41AB2B8D1189}.Debug|Any CPU.Build.0 = Debug|Any CPU
		{7599CB42-78CC-40FA-9889-41AB2B8D1189}.Release|Any CPU.ActiveCfg = Release|Any CPU
		{7599CB42-78CC-40FA-9889-41AB2B8D1189}.Release|Any CPU.Build.0 = Release|Any CPU
		{C8CA1D67-79BB-41C7-8B6A-B3BCE514DAD3}.Debug|Any CPU.ActiveCfg = Debug|Any CPU
		{C8CA1D67-79BB-41C7-8B6A-B3BCE514DAD3}.Debug|Any CPU.Build.0 = Debug|Any CPU
		{C8CA1D67-79BB-41C7-8B6A-B3BCE514DAD3}.Release|Any CPU.ActiveCfg = Release|Any CPU
		{C8CA1D67-79BB-41C7-8B6A-B3BCE514DAD3}.Release|Any CPU.Build.0 = Release|Any CPU
		{4B9DECF5-7499-40FC-B694-67B857319692}.Debug|Any CPU.ActiveCfg = Debug|Any CPU
		{4B9DECF5-7499-40FC-B694-67B857319692}.Debug|Any CPU.Build.0 = Debug|Any CPU
		{4B9DECF5-7499-40FC-B694-67B857319692}.Release|Any CPU.ActiveCfg = Release|Any CPU
		{4B9DECF5-7499-40FC-B694-67B857319692}.Release|Any CPU.Build.0 = Release|Any CPU
	EndGlobalSection
	GlobalSection(SolutionProperties) = preSolution
		HideSolutionNode = FALSE
	EndGlobalSection
	GlobalSection(ExtensibilityGlobals) = postSolution
		SolutionGuid = {014046BC-3FBA-49B7-BC33-C96B258905EA}
	EndGlobalSection
EndGlobal
